// !$*UTF8*$!
{
	archiveVersion = 1;
	classes = {
	};
	objectVersion = 110;
	objects = {

/* Begin PBXBuildFile section */
		000BAA94D4CED8F0D2B7F898 /* ComparisonView.swift in Sources */ = {isa = PBXBuildFile; fileRef = A759A1A5A9748F811691B089 /* ComparisonView.swift */; };
		3301322CA92CE338260014EF /* DecisionRepository.swift in Sources */ = {isa = PBXBuildFile; fileRef = 0B32D7B7B14170FEF6D5D026 /* DecisionRepository.swift */; };
		37E62872120C9D6FBD6A7520 /* DecisionModels.swift in Sources */ = {isa = PBXBuildFile; fileRef = C4C5DC19FD7C62FACB303D68 /* DecisionModels.swift */; };
		420E9EA6F6BFEDCE581BF3D7 /* RootView.swift in Sources */ = {isa = PBXBuildFile; fileRef = 0F2F6E72D95424F9F5A449CD /* RootView.swift */; };
		80FA562CFD0645997C471A5D /* HomeView.swift in Sources */ = {isa = PBXBuildFile; fileRef = BCF67453316068FDE57624FB /* HomeView.swift */; };
		F8080D6C305CF86D0076CD16 /* Typography.swift in Sources */ = {isa = PBXBuildFile; fileRef = F8080D6B305CF86D0076CD16 /* Typography.swift */; };
		F8080D6D305CF86D0076CD16 /* inter_medium.ttf in Resources */ = {isa = PBXBuildFile; fileRef = F8080D67305CF86D0076CD16 /* inter_medium.ttf */; };
		F8080D6E305CF86D0076CD16 /* inter_semibold.ttf in Resources */ = {isa = PBXBuildFile; fileRef = F8080D69305CF86D0076CD16 /* inter_semibold.ttf */; };
		F8080D6F305CF86D0076CD16 /* inter_bold.ttf in Resources */ = {isa = PBXBuildFile; fileRef = F8080D66305CF86D0076CD16 /* inter_bold.ttf */; };
		F8080D70305CF86D0076CD16 /* inter_regular.ttf in Resources */ = {isa = PBXBuildFile; fileRef = F8080D68305CF86D0076CD16 /* inter_regular.ttf */; };
		F8080D7E305E0A680076CD16 /* InventoryView.swift in Sources */ = {isa = PBXBuildFile; fileRef = F8080D7D305E0A680076CD16 /* InventoryView.swift */; };
		F8080D80305E0A7F0076CD16 /* ProfileView.swift in Sources */ = {isa = PBXBuildFile; fileRef = F8080D7F305E0A7F0076CD16 /* ProfileView.swift */; };
		F8080D82305E0A890076CD16 /* MainTabView.swift in Sources */ = {isa = PBXBuildFile; fileRef = F8080D81305E0A890076CD16 /* MainTabView.swift */; };
		F819582E3062CB490023DBB1 /* APIClient.swift in Sources */ = {isa = PBXBuildFile; fileRef = F819582B3062CB490023DBB1 /* APIClient.swift */; };
		F819582F3062CB490023DBB1 /* APIError.swift in Sources */ = {isa = PBXBuildFile; fileRef = F819582D3062CB490023DBB1 /* APIError.swift */; };
		F81958303062CB490023DBB1 /* APIEndpoint.swift in Sources */ = {isa = PBXBuildFile; fileRef = F819582C3062CB490023DBB1 /* APIEndpoint.swift */; };
		F81958433062CCDE0023DBB1 /* SessionManager.swift in Sources */ = {isa = PBXBuildFile; fileRef = F81958413062CCDE0023DBB1 /* SessionManager.swift */; };
		F81958443062CCDE0023DBB1 /* SessionStore.swift in Sources */ = {isa = PBXBuildFile; fileRef = F81958423062CCDE0023DBB1 /* SessionStore.swift */; };
		F85A4A9E305CED15005C718C /* Colors.swift in Sources */ = {isa = PBXBuildFile; fileRef = F85A4A8F305CED15005C718C /* Colors.swift */; };
		F85A4AA0305CEF08005C718C /* LoginView.swift in Sources */ = {isa = PBXBuildFile; fileRef = F85A4A9F305CEF08005C718C /* LoginView.swift */; };
		F8D4D935306429A700F27690 /* AuthRepository.swift in Sources */ = {isa = PBXBuildFile; fileRef = F8D4D934306429A700F27690 /* AuthRepository.swift */; };
		F8D4D936306429A700F27690 /* AuthModels.swift in Sources */ = {isa = PBXBuildFile; fileRef = F8D4D933306429A700F27690 /* AuthModels.swift */; };
		F8F28594305CF413004D5F3A /* RestaurantsView.swift in Sources */ = {isa = PBXBuildFile; fileRef = F8F28593305CF413004D5F3A /* RestaurantsView.swift */; };
/* End PBXBuildFile section */

/* Begin PBXFileReference section */
		0F2F6E72D95424F9F5A449CD /* RootView.swift */ = {isa = PBXFileReference; lastKnownFileType = sourcecode.swift; path = RootView.swift; sourceTree = "<group>"; };
		A759A1A5A9748F811691B089 /* ComparisonView.swift */ = {isa = PBXFileReference; lastKnownFileType = sourcecode.swift; path = ComparisonView.swift; sourceTree = "<group>"; };
		0B32D7B7B14170FEF6D5D026 /* DecisionRepository.swift */ = {isa = PBXFileReference; lastKnownFileType = sourcecode.swift; path = DecisionRepository.swift; sourceTree = "<group>"; };
		C4C5DC19FD7C62FACB303D68 /* DecisionModels.swift */ = {isa = PBXFileReference; lastKnownFileType = sourcecode.swift; path = DecisionModels.swift; sourceTree = "<group>"; };
		BCF67453316068FDE57624FB /* HomeView.swift */ = {isa = PBXFileReference; lastKnownFileType = sourcecode.swift; path = HomeView.swift; sourceTree = "<group>"; };
		F8080D66305CF86D0076CD16 /* inter_bold.ttf */ = {isa = PBXFileReference; lastKnownFileType = file; path = inter_bold.ttf; sourceTree = "<group>"; };
		F8080D67305CF86D0076CD16 /* inter_medium.ttf */ = {isa = PBXFileReference; lastKnownFileType = file; path = inter_medium.ttf; sourceTree = "<group>"; };
		F8080D68305CF86D0076CD16 /* inter_regular.ttf */ = {isa = PBXFileReference; lastKnownFileType = file; path = inter_regular.ttf; sourceTree = "<group>"; };
		F8080D69305CF86D0076CD16 /* inter_semibold.ttf */ = {isa = PBXFileReference; lastKnownFileType = file; path = inter_semibold.ttf; sourceTree = "<group>"; };
		F8080D6B305CF86D0076CD16 /* Typography.swift */ = {isa = PBXFileReference; lastKnownFileType = sourcecode.swift; path = Typography.swift; sourceTree = "<group>"; };
		F8080D7D305E0A680076CD16 /* InventoryView.swift */ = {isa = PBXFileReference; lastKnownFileType = sourcecode.swift; path = InventoryView.swift; sourceTree = "<group>"; };
		F8080D7F305E0A7F0076CD16 /* ProfileView.swift */ = {isa = PBXFileReference; lastKnownFileType = sourcecode.swift; path = ProfileView.swift; sourceTree = "<group>"; };
		F8080D81305E0A890076CD16 /* MainTabView.swift */ = {isa = PBXFileReference; lastKnownFileType = sourcecode.swift; path = MainTabView.swift; sourceTree = "<group>"; };
		F819582B3062CB490023DBB1 /* APIClient.swift */ = {isa = PBXFileReference; lastKnownFileType = sourcecode.swift; path = APIClient.swift; sourceTree = "<group>"; };
		F819582C3062CB490023DBB1 /* APIEndpoint.swift */ = {isa = PBXFileReference; lastKnownFileType = sourcecode.swift; path = APIEndpoint.swift; sourceTree = "<group>"; };
		F819582D3062CB490023DBB1 /* APIError.swift */ = {isa = PBXFileReference; lastKnownFileType = sourcecode.swift; path = APIError.swift; sourceTree = "<group>"; };
		F81958413062CCDE0023DBB1 /* SessionManager.swift */ = {isa = PBXFileReference; lastKnownFileType = sourcecode.swift; path = SessionManager.swift; sourceTree = "<group>"; };
		F81958423062CCDE0023DBB1 /* SessionStore.swift */ = {isa = PBXFileReference; lastKnownFileType = sourcecode.swift; path = SessionStore.swift; sourceTree = "<group>"; };
		F85A4A7A305CE961005C718C /* CampusMeal.app */ = {isa = PBXFileReference; explicitFileType = wrapper.application; includeInIndex = 0; path = CampusMeal.app; sourceTree = BUILT_PRODUCTS_DIR; };
		F85A4A8F305CED15005C718C /* Colors.swift */ = {isa = PBXFileReference; lastKnownFileType = sourcecode.swift; path = Colors.swift; sourceTree = "<group>"; };
		F85A4A9F305CEF08005C718C /* LoginView.swift */ = {isa = PBXFileReference; lastKnownFileType = sourcecode.swift; path = LoginView.swift; sourceTree = "<group>"; };
		F8D4D933306429A700F27690 /* AuthModels.swift */ = {isa = PBXFileReference; lastKnownFileType = sourcecode.swift; path = AuthModels.swift; sourceTree = "<group>"; };
		F8D4D934306429A700F27690 /* AuthRepository.swift */ = {isa = PBXFileReference; lastKnownFileType = sourcecode.swift; path = AuthRepository.swift; sourceTree = "<group>"; };
		F8F28593305CF413004D5F3A /* RestaurantsView.swift */ = {isa = PBXFileReference; lastKnownFileType = sourcecode.swift; path = RestaurantsView.swift; sourceTree = "<group>"; };
/* End PBXFileReference section */

/* Begin PBXFileSystemSynchronizedBuildFileExceptionSet section */
		F8080D72305CF9E00076CD16 /* Exceptions for "CampusMeal" folder in "CampusMeal" target */ = {
			isa = PBXFileSystemSynchronizedBuildFileExceptionSet;
			membershipExceptions = (
				Info.plist,
			);
			target = F85A4A79305CE961005C718C /* CampusMeal */;
		};
/* End PBXFileSystemSynchronizedBuildFileExceptionSet section */

/* Begin PBXFileSystemSynchronizedRootGroup section */
		F85A4A7C305CE961005C718C /* CampusMeal */ = {
			isa = PBXFileSystemSynchronizedRootGroup;
			exceptions = (
				F8080D72305CF9E00076CD16 /* Exceptions for "CampusMeal" folder in "CampusMeal" target */,
			);
			path = CampusMeal;
			sourceTree = "<group>";
		};
/* End PBXFileSystemSynchronizedRootGroup section */

/* Begin PBXFrameworksBuildPhase section */
		F85A4A77305CE961005C718C /* Frameworks */ = {
			isa = PBXFrameworksBuildPhase;
			files = (
			);
		};
/* End PBXFrameworksBuildPhase section */

/* Begin PBXGroup section */
		EAF998613815D09F08A38B6D /* Home */ = {
			isa = PBXGroup;
			children = (
				BCF67453316068FDE57624FB /* HomeView.swift */,
			);
			path = Home;
			sourceTree = "<group>";
		};
		F8080D6A305CF86D0076CD16 /* Fonts */ = {
			isa = PBXGroup;
			children = (
				F8080D66305CF86D0076CD16 /* inter_bold.ttf */,
				F8080D67305CF86D0076CD16 /* inter_medium.ttf */,
				F8080D68305CF86D0076CD16 /* inter_regular.ttf */,
				F8080D69305CF86D0076CD16 /* inter_semibold.ttf */,
			);
			path = Fonts;
			sourceTree = "<group>";
		};
		F85A4A71305CE961005C718C = {
			isa = PBXGroup;
			children = (
				F85A4A9D305CED15005C718C /* iOS */,
				F85A4A7C305CE961005C718C /* CampusMeal */,
				F85A4A7B305CE961005C718C /* Products */,
			);
			sourceTree = "<group>";
		};
		F85A4A7B305CE961005C718C /* Products */ = {
			isa = PBXGroup;
			children = (
				F85A4A7A305CE961005C718C /* CampusMeal.app */,
			);
			name = Products;
			sourceTree = "<group>";
		};
		F85A4A8E305CED15005C718C /* App */ = {
			isa = PBXGroup;
			children = (
			);
			path = App;
			sourceTree = "<group>";
		};
		F85A4A90305CED15005C718C /* DesignSystem */ = {
			isa = PBXGroup;
			children = (
				F8080D6A305CF86D0076CD16 /* Fonts */,
				F8080D6B305CF86D0076CD16 /* Typography.swift */,
				F85A4A8F305CED15005C718C /* Colors.swift */,
			);
			path = DesignSystem;
			sourceTree = "<group>";
		};
		F85A4A91305CED15005C718C /* Location */ = {
			isa = PBXGroup;
			children = (
			);
			path = Location;
			sourceTree = "<group>";
		};
		F85A4A92305CED15005C718C /* Network */ = {
			isa = PBXGroup;
			children = (
				F819582B3062CB490023DBB1 /* APIClient.swift */,
				F819582C3062CB490023DBB1 /* APIEndpoint.swift */,
				F819582D3062CB490023DBB1 /* APIError.swift */,
			);
			path = Network;
			sourceTree = "<group>";
		};
		F85A4A93305CED15005C718C /* Session */ = {
			isa = PBXGroup;
			children = (
				F81958413062CCDE0023DBB1 /* SessionManager.swift */,
				F81958423062CCDE0023DBB1 /* SessionStore.swift */,
			);
			path = Session;
			sourceTree = "<group>";
		};
		F85A4A94305CED15005C718C /* Core */ = {
			isa = PBXGroup;
			children = (
				F85A4A90305CED15005C718C /* DesignSystem */,
				F85A4A91305CED15005C718C /* Location */,
				F85A4A92305CED15005C718C /* Network */,
				F85A4A93305CED15005C718C /* Session */,
			);
			path = Core;
			sourceTree = "<group>";
		};
		F85A4A95305CED15005C718C /* Auth */ = {
			isa = PBXGroup;
			children = (
				F8D4D933306429A700F27690 /* AuthModels.swift */,
				F8D4D934306429A700F27690 /* AuthRepository.swift */,
				F85A4A9F305CEF08005C718C /* LoginView.swift */,
			);
			path = Auth;
			sourceTree = "<group>";
		};
		F85A4A96305CED15005C718C /* Context */ = {
			isa = PBXGroup;
			children = (
			);
			path = Context;
			sourceTree = "<group>";
		};
		F85A4A97305CED15005C718C /* Decision */ = {
			isa = PBXGroup;
			children = (
				A759A1A5A9748F811691B089 /* ComparisonView.swift */,
				C4C5DC19FD7C62FACB303D68 /* DecisionModels.swift */,
				0B32D7B7B14170FEF6D5D026 /* DecisionRepository.swift */,
			);
			path = Decision;
			sourceTree = "<group>";
		};
		F85A4A98305CED15005C718C /* Inventory */ = {
			isa = PBXGroup;
			children = (
				F8080D7D305E0A680076CD16 /* InventoryView.swift */,
			);
			path = Inventory;
			sourceTree = "<group>";
		};
		F85A4A99305CED15005C718C /* Profile */ = {
			isa = PBXGroup;
			children = (
				F8080D7F305E0A7F0076CD16 /* ProfileView.swift */,
			);
			path = Profile;
			sourceTree = "<group>";
		};
		F85A4A9A305CED15005C718C /* Restaurants */ = {
			isa = PBXGroup;
			children = (
				F8F28593305CF413004D5F3A /* RestaurantsView.swift */,
			);
			path = Restaurants;
			sourceTree = "<group>";
		};
		F85A4A9B305CED15005C718C /* Feature */ = {
			isa = PBXGroup;
			children = (
				F85A4A95305CED15005C718C /* Auth */,
				EAF998613815D09F08A38B6D /* Home */,
				F85A4A96305CED15005C718C /* Context */,
				F85A4A97305CED15005C718C /* Decision */,
				F85A4A98305CED15005C718C /* Inventory */,
				F85A4A99305CED15005C718C /* Profile */,
				F85A4A9A305CED15005C718C /* Restaurants */,
			);
			path = Feature;
			sourceTree = "<group>";
		};
		F85A4A9C305CED15005C718C /* Navigation */ = {
			isa = PBXGroup;
			children = (
				F8080D81305E0A890076CD16 /* MainTabView.swift */,
				0F2F6E72D95424F9F5A449CD /* RootView.swift */,
			);
			path = Navigation;
			sourceTree = "<group>";
		};
		F85A4A9D305CED15005C718C /* iOS */ = {
			isa = PBXGroup;
			children = (
				F85A4A8E305CED15005C718C /* App */,
				F85A4A94305CED15005C718C /* Core */,
				F85A4A9B305CED15005C718C /* Feature */,
				F85A4A9C305CED15005C718C /* Navigation */,
			);
			name = iOS;
			path = ../iOS;
			sourceTree = SOURCE_ROOT;
		};
/* End PBXGroup section */

/* Begin PBXNativeTarget section */
		F85A4A79305CE961005C718C /* CampusMeal */ = {
			isa = PBXNativeTarget;
			buildConfigurationList = F85A4A85305CE962005C718C /* Build configuration list for PBXNativeTarget "CampusMeal" */;
			buildPhases = (
				F85A4A76305CE961005C718C /* Sources */,
				F85A4A77305CE961005C718C /* Frameworks */,
				F85A4A78305CE961005C718C /* Resources */,
			);
			buildRules = (
			);
			fileSystemSynchronizedGroups = (
				F85A4A7C305CE961005C718C /* CampusMeal */,
			);
			name = CampusMeal;
			productName = CampusMeal;
			productReference = F85A4A7A305CE961005C718C /* CampusMeal.app */;
			productType = "com.apple.product-type.application";
		};
/* End PBXNativeTarget section */

/* Begin PBXProject section */
		F85A4A72305CE961005C718C /* Project object */ = {
			isa = PBXProject;
			attributes = {
				BuildIndependentTargetsInParallel = 1;
				LastSwiftUpdateCheck = 2700;
				LastUpgradeCheck = 2700;
				TargetAttributes = {
					F85A4A79305CE961005C718C = {
						CreatedOnToolsVersion = 27.0;
					};
				};
			};
			buildConfigurationList = F85A4A75305CE961005C718C /* Build configuration list for PBXProject "CampusMeal" */;
			developmentRegion = en;
			hasScannedForEncodings = 0;
			knownRegions = (
				en,
				Base,
			);
			mainGroup = F85A4A71305CE961005C718C;
			minimizedProjectReferenceProxies = 1;
			preferredProjectObjectVersion = 77;
			productRefGroup = F85A4A7B305CE961005C718C /* Products */;
			projectDirPath = "";
			projectRoot = "";
			targets = (
				F85A4A79305CE961005C718C /* CampusMeal */,
			);
		};
/* End PBXProject section */

/* Begin PBXResourcesBuildPhase section */
		F85A4A78305CE961005C718C /* Resources */ = {
			isa = PBXResourcesBuildPhase;
			files = (
				F8080D6D305CF86D0076CD16 /* inter_medium.ttf in Resources */,
				F8080D6E305CF86D0076CD16 /* inter_semibold.ttf in Resources */,
				F8080D6F305CF86D0076CD16 /* inter_bold.ttf in Resources */,
				F8080D70305CF86D0076CD16 /* inter_regular.ttf in Resources */,
			);
		};
/* End PBXResourcesBuildPhase section */

/* Begin PBXSourcesBuildPhase section */
		F85A4A76305CE961005C718C /* Sources */ = {
			isa = PBXSourcesBuildPhase;
			files = (
				420E9EA6F6BFEDCE581BF3D7 /* RootView.swift in Sources */,
				F8080D7E305E0A680076CD16 /* InventoryView.swift in Sources */,
				F8F28594305CF413004D5F3A /* RestaurantsView.swift in Sources */,
				F85A4A9E305CED15005C718C /* Colors.swift in Sources */,
				F8080D6C305CF86D0076CD16 /* Typography.swift in Sources */,
				F85A4AA0305CEF08005C718C /* LoginView.swift in Sources */,
				F8D4D935306429A700F27690 /* AuthRepository.swift in Sources */,
				F8D4D936306429A700F27690 /* AuthModels.swift in Sources */,
				000BAA94D4CED8F0D2B7F898 /* ComparisonView.swift in Sources */,
				37E62872120C9D6FBD6A7520 /* DecisionModels.swift in Sources */,
				3301322CA92CE338260014EF /* DecisionRepository.swift in Sources */,
				F8080D80305E0A7F0076CD16 /* ProfileView.swift in Sources */,
				F819582E3062CB490023DBB1 /* APIClient.swift in Sources */,
				F819582F3062CB490023DBB1 /* APIError.swift in Sources */,
				F81958303062CB490023DBB1 /* APIEndpoint.swift in Sources */,
				80FA562CFD0645997C471A5D /* HomeView.swift in Sources */,
				F81958433062CCDE0023DBB1 /* SessionManager.swift in Sources */,
				F81958443062CCDE0023DBB1 /* SessionStore.swift in Sources */,
				F8080D82305E0A890076CD16 /* MainTabView.swift in Sources */,
			);
		};
/* End PBXSourcesBuildPhase section */

/* Begin XCBuildConfiguration section */
		F85A4A83305CE962005C718C /* Debug configuration for PBXProject "CampusMeal" */ = {
			isa = XCBuildConfiguration;
			buildSettings = {
				ALWAYS_SEARCH_USER_PATHS = NO;
				ASSETCATALOG_COMPILER_GENERATE_SWIFT_ASSET_SYMBOL_EXTENSIONS = YES;
				CLANG_ANALYZER_NONNULL = YES;
				CLANG_ANALYZER_NUMBER_OBJECT_CONVERSION = YES_AGGRESSIVE;
				CLANG_CXX_LANGUAGE_STANDARD = "gnu++20";
				CLANG_ENABLE_MODULES = YES;
				CLANG_ENABLE_OBJC_ARC = YES;
				CLANG_ENABLE_OBJC_WEAK = YES;
				CLANG_WARN_BLOCK_CAPTURE_AUTORELEASING = YES;
				CLANG_WARN_BOOL_CONVERSION = YES;
				CLANG_WARN_COMMA = YES;
				CLANG_WARN_CONSTANT_CONVERSION = YES;
				CLANG_WARN_DEPRECATED_OBJC_IMPLEMENTATIONS = YES;
				CLANG_WARN_DIRECT_OBJC_ISA_USAGE = YES_ERROR;
				CLANG_WARN_DOCUMENTATION_COMMENTS = YES;
				CLANG_WARN_EMPTY_BODY = YES;
				CLANG_WARN_ENUM_CONVERSION = YES;
				CLANG_WARN_INFINITE_RECURSION = YES;
				CLANG_WARN_INT_CONVERSION = YES;
				CLANG_WARN_NON_LITERAL_NULL_CONVERSION = YES;
				CLANG_WARN_OBJC_IMPLICIT_RETAIN_SELF = YES;
				CLANG_WARN_OBJC_LITERAL_CONVERSION = YES;
				CLANG_WARN_OBJC_ROOT_CLASS = YES_ERROR;
				CLANG_WARN_QUOTED_INCLUDE_IN_FRAMEWORK_HEADER = YES;
				CLANG_WARN_RANGE_LOOP_ANALYSIS = YES;
				CLANG_WARN_STRICT_PROTOTYPES = YES;
				CLANG_WARN_SUSPICIOUS_MOVE = YES;
				CLANG_WARN_UNGUARDED_AVAILABILITY = YES_AGGRESSIVE;
				CLANG_WARN_UNREACHABLE_CODE = YES;
				CLANG_WARN__DUPLICATE_METHOD_MATCH = YES;
				COPY_PHASE_STRIP = NO;
				DEBUG_INFORMATION_FORMAT = dwarf;
				DEVELOPMENT_TEAM = J5M59MH67B;
				ENABLE_STRICT_OBJC_MSGSEND = YES;
				ENABLE_TESTABILITY = YES;
				ENABLE_USER_SCRIPT_SANDBOXING = YES;
				GCC_C_LANGUAGE_STANDARD = gnu17;
				GCC_DYNAMIC_NO_PIC = NO;
				GCC_NO_COMMON_BLOCKS = YES;
				GCC_OPTIMIZATION_LEVEL = 0;
				GCC_PREPROCESSOR_DEFINITIONS = (
					"DEBUG=1",
					"$(inherited)",
				);
				GCC_WARN_64_TO_32_BIT_CONVERSION = YES;
				GCC_WARN_ABOUT_RETURN_TYPE = YES_ERROR;
				GCC_WARN_UNDECLARED_SELECTOR = YES;
				GCC_WARN_UNINITIALIZED_AUTOS = YES_AGGRESSIVE;
				GCC_WARN_UNUSED_FUNCTION = YES;
				GCC_WARN_UNUSED_VARIABLE = YES;
				IPHONEOS_DEPLOYMENT_TARGET = 27.0;
				LOCALIZATION_PREFERS_STRING_CATALOGS = YES;
				MTL_ENABLE_DEBUG_INFO = INCLUDE_SOURCE;
				MTL_FAST_MATH = YES;
				ONLY_ACTIVE_ARCH = YES;
				SDKROOT = iphoneos;
				SWIFT_ACTIVE_COMPILATION_CONDITIONS = "DEBUG $(inherited)";
				SWIFT_OPTIMIZATION_LEVEL = "-Onone";
			};
			name = Debug;
		};
		F85A4A84305CE962005C718C /* Release configuration for PBXProject "CampusMeal" */ = {
			isa = XCBuildConfiguration;
			buildSettings = {
				ALWAYS_SEARCH_USER_PATHS = NO;
				ASSETCATALOG_COMPILER_GENERATE_SWIFT_ASSET_SYMBOL_EXTENSIONS = YES;
				CLANG_ANALYZER_NONNULL = YES;
				CLANG_ANALYZER_NUMBER_OBJECT_CONVERSION = YES_AGGRESSIVE;
				CLANG_CXX_LANGUAGE_STANDARD = "gnu++20";
				CLANG_ENABLE_MODULES = YES;
				CLANG_ENABLE_OBJC_ARC = YES;
				CLANG_ENABLE_OBJC_WEAK = YES;
				CLANG_WARN_BLOCK_CAPTURE_AUTORELEASING = YES;
				CLANG_WARN_BOOL_CONVERSION = YES;
				CLANG_WARN_COMMA = YES;
				CLANG_WARN_CONSTANT_CONVERSION = YES;
				CLANG_WARN_DEPRECATED_OBJC_IMPLEMENTATIONS = YES;
				CLANG_WARN_DIRECT_OBJC_ISA_USAGE = YES_ERROR;
				CLANG_WARN_DOCUMENTATION_COMMENTS = YES;
				CLANG_WARN_EMPTY_BODY = YES;
				CLANG_WARN_ENUM_CONVERSION = YES;
				CLANG_WARN_INFINITE_RECURSION = YES;
				CLANG_WARN_INT_CONVERSION = YES;
				CLANG_WARN_NON_LITERAL_NULL_CONVERSION = YES;
				CLANG_WARN_OBJC_IMPLICIT_RETAIN_SELF = YES;
				CLANG_WARN_OBJC_LITERAL_CONVERSION = YES;
				CLANG_WARN_OBJC_ROOT_CLASS = YES_ERROR;
				CLANG_WARN_QUOTED_INCLUDE_IN_FRAMEWORK_HEADER = YES;
				CLANG_WARN_RANGE_LOOP_ANALYSIS = YES;
				CLANG_WARN_STRICT_PROTOTYPES = YES;
				CLANG_WARN_SUSPICIOUS_MOVE = YES;
				CLANG_WARN_UNGUARDED_AVAILABILITY = YES_AGGRESSIVE;
				CLANG_WARN_UNREACHABLE_CODE = YES;
				CLANG_WARN__DUPLICATE_METHOD_MATCH = YES;
				COPY_PHASE_STRIP = NO;
				DEBUG_INFORMATION_FORMAT = "dwarf-with-dsym";
				DEVELOPMENT_TEAM = J5M59MH67B;
				ENABLE_NS_ASSERTIONS = NO;
				ENABLE_STRICT_OBJC_MSGSEND = YES;
				ENABLE_USER_SCRIPT_SANDBOXING = YES;
				GCC_C_LANGUAGE_STANDARD = gnu17;
				GCC_NO_COMMON_BLOCKS = YES;
				GCC_WARN_64_TO_32_BIT_CONVERSION = YES;
				GCC_WARN_ABOUT_RETURN_TYPE = YES_ERROR;
				GCC_WARN_UNDECLARED_SELECTOR = YES;
				GCC_WARN_UNINITIALIZED_AUTOS = YES_AGGRESSIVE;
				GCC_WARN_UNUSED_FUNCTION = YES;
				GCC_WARN_UNUSED_VARIABLE = YES;
				IPHONEOS_DEPLOYMENT_TARGET = 27.0;
				LOCALIZATION_PREFERS_STRING_CATALOGS = YES;
				MTL_ENABLE_DEBUG_INFO = NO;
				MTL_FAST_MATH = YES;
				SDKROOT = iphoneos;
				SWIFT_COMPILATION_MODE = wholemodule;
				VALIDATE_PRODUCT = YES;
			};
			name = Release;
		};
		F85A4A86305CE962005C718C /* Debug configuration for PBXNativeTarget "CampusMeal" */ = {
			isa = XCBuildConfiguration;
			buildSettings = {
				ASSETCATALOG_COMPILER_APPICON_NAME = AppIcon;
				ASSETCATALOG_COMPILER_GLOBAL_ACCENT_COLOR_NAME = AccentColor;
				CODE_SIGN_STYLE = Automatic;
				CURRENT_PROJECT_VERSION = 1;
				DEVELOPMENT_TEAM = T79DS5MA8Q;
				ENABLE_PREVIEWS = YES;
				GENERATE_INFOPLIST_FILE = YES;
				INFOPLIST_FILE = CampusMeal/Info.plist;
				INFOPLIST_KEY_LSApplicationCategoryType = "public.app-category.food-and-drink";
				INFOPLIST_KEY_UIApplicationSceneManifest_Generation = YES;
				INFOPLIST_KEY_UIApplicationSupportsIndirectInputEvents = YES;
				INFOPLIST_KEY_UILaunchScreen_Generation = YES;
				INFOPLIST_KEY_UISupportedInterfaceOrientations_iPad = "UIInterfaceOrientationPortrait UIInterfaceOrientationPortraitUpsideDown UIInterfaceOrientationLandscapeLeft UIInterfaceOrientationLandscapeRight";
				INFOPLIST_KEY_UISupportedInterfaceOrientations_iPhone = "UIInterfaceOrientationPortrait UIInterfaceOrientationLandscapeLeft UIInterfaceOrientationLandscapeRight";
				IPHONEOS_DEPLOYMENT_TARGET = "$(RECOMMENDED_IPHONEOS_DEPLOYMENT_TARGET)";
				LD_RUNPATH_SEARCH_PATHS = (
					"$(inherited)",
					"@executable_path/Frameworks",
				);
				MARKETING_VERSION = 1.0;
				PRODUCT_BUNDLE_IDENTIFIER = edu.uniandes.campusmeal.CampusMeal.carlos;
				PRODUCT_NAME = "$(TARGET_NAME)";
				STRING_CATALOG_GENERATE_SYMBOLS = YES;
				SUPPORTED_PLATFORMS = "iphoneos iphonesimulator";
				SUPPORTS_MACCATALYST = NO;
				SUPPORTS_MAC_DESIGNED_FOR_IPHONE_IPAD = NO;
				SUPPORTS_XR_DESIGNED_FOR_IPHONE_IPAD = NO;
				SWIFT_APPROACHABLE_CONCURRENCY = YES;
				SWIFT_DEFAULT_ACTOR_ISOLATION = MainActor;
				SWIFT_EMIT_LOC_STRINGS = YES;
				SWIFT_UPCOMING_FEATURE_MEMBER_IMPORT_VISIBILITY = YES;
				SWIFT_VERSION = 5.0;
				TARGETED_DEVICE_FAMILY = 1;
			};
			name = Debug;
		};
		F85A4A87305CE962005C718C /* Release configuration for PBXNativeTarget "CampusMeal" */ = {
			isa = XCBuildConfiguration;
			buildSettings = {
				ASSETCATALOG_COMPILER_APPICON_NAME = AppIcon;
				ASSETCATALOG_COMPILER_GLOBAL_ACCENT_COLOR_NAME = AccentColor;
				CODE_SIGN_STYLE = Automatic;
				CURRENT_PROJECT_VERSION = 1;
				DEVELOPMENT_TEAM = T79DS5MA8Q;
				ENABLE_PREVIEWS = YES;
				GENERATE_INFOPLIST_FILE = YES;
				INFOPLIST_FILE = CampusMeal/Info.plist;
				INFOPLIST_KEY_LSApplicationCategoryType = "public.app-category.food-and-drink";
				INFOPLIST_KEY_UIApplicationSceneManifest_Generation = YES;
				INFOPLIST_KEY_UIApplicationSupportsIndirectInputEvents = YES;
				INFOPLIST_KEY_UILaunchScreen_Generation = YES;
				INFOPLIST_KEY_UISupportedInterfaceOrientations_iPad = "UIInterfaceOrientationPortrait UIInterfaceOrientationPortraitUpsideDown UIInterfaceOrientationLandscapeLeft UIInterfaceOrientationLandscapeRight";
				INFOPLIST_KEY_UISupportedInterfaceOrientations_iPhone = "UIInterfaceOrientationPortrait UIInterfaceOrientationLandscapeLeft UIInterfaceOrientationLandscapeRight";
				IPHONEOS_DEPLOYMENT_TARGET = "$(RECOMMENDED_IPHONEOS_DEPLOYMENT_TARGET)";
				LD_RUNPATH_SEARCH_PATHS = (
					"$(inherited)",
					"@executable_path/Frameworks",
				);
				MARKETING_VERSION = 1.0;
				PRODUCT_BUNDLE_IDENTIFIER = edu.uniandes.campusmeal.CampusMeal.carlos;
				PRODUCT_NAME = "$(TARGET_NAME)";
				STRING_CATALOG_GENERATE_SYMBOLS = YES;
				SUPPORTED_PLATFORMS = "iphoneos iphonesimulator";
				SUPPORTS_MACCATALYST = NO;
				SUPPORTS_MAC_DESIGNED_FOR_IPHONE_IPAD = NO;
				SUPPORTS_XR_DESIGNED_FOR_IPHONE_IPAD = NO;
				SWIFT_APPROACHABLE_CONCURRENCY = YES;
				SWIFT_DEFAULT_ACTOR_ISOLATION = MainActor;
				SWIFT_EMIT_LOC_STRINGS = YES;
				SWIFT_UPCOMING_FEATURE_MEMBER_IMPORT_VISIBILITY = YES;
				SWIFT_VERSION = 5.0;
				TARGETED_DEVICE_FAMILY = 1;
			};
			name = Release;
		};
/* End XCBuildConfiguration section */

/* Begin XCConfigurationList section */
		F85A4A75305CE961005C718C /* Build configuration list for PBXProject "CampusMeal" */ = {
			isa = XCConfigurationList;
			buildConfigurations = (
				F85A4A83305CE962005C718C /* Debug configuration for PBXProject "CampusMeal" */,
				F85A4A84305CE962005C718C /* Release configuration for PBXProject "CampusMeal" */,
			);
			defaultConfigurationName = Release;
		};
		F85A4A85305CE962005C718C /* Build configuration list for PBXNativeTarget "CampusMeal" */ = {
			isa = XCConfigurationList;
			buildConfigurations = (
				F85A4A86305CE962005C718C /* Debug configuration for PBXNativeTarget "CampusMeal" */,
				F85A4A87305CE962005C718C /* Release configuration for PBXNativeTarget "CampusMeal" */,
			);
			defaultConfigurationName = Release;
		};
/* End XCConfigurationList section */
	};
	rootObject = F85A4A72305CE961005C718C /* Project object */;
	validationLevel = 1;
}
